// !$*UTF8*$!
{
	archiveVersion = 1;
	classes = {
	};
	objectVersion = 39;
	objects = {
		06F27B2DFFEEEFEF11CA0E56 = {
			isa = PBXFileReference;
			lastKnownFileType = wrapper.framework;
			name = ScreenSaver.framework;
			path = /System/Library/Frameworks/ScreenSaver.framework;
			refType = 0;
			sourceTree = "<absolute>";
		};
		06F27B2EFFEEEFEF11CA0E56 = {
			explicitFileType = wrapper.cfbundle;
			isa = PBXFileReference;
			path = VNTI.saver;
			refType = 3;
			sourceTree = BUILT_PRODUCTS_DIR;
		};
		06F27B2FFFEEEFEF11CA0E56 = {
			fileRef = 06F27B2DFFEEEFEF11CA0E56;
			isa = PBXBuildFile;
			settings = {
			};
		};
		06F27B30FFEEEFEF11CA0E56 = {
			buildSettings = {
				COPY_PHASE_STRIP = NO;
				GCC_DYNAMIC_NO_PIC = NO;
				GCC_ENABLE_FIX_AND_CONTINUE = YES;
				GCC_GENERATE_DEBUGGING_SYMBOLS = YES;
				GCC_OPTIMIZATION_LEVEL = 0;
				OPTIMIZATION_CFLAGS = "-O0";
				ZERO_LINK = YES;
			};
			isa = PBXBuildStyle;
			name = Development;
		};
		06F27B31FFEEEFEF11CA0E56 = {
			buildSettings = {
				COPY_PHASE_STRIP = YES;
				GCC_ENABLE_FIX_AND_CONTINUE = NO;
				GCC_OPTIMIZATION_LEVEL = 3;
				ZERO_LINK = NO;
			};
			isa = PBXBuildStyle;
			name = Deployment;
		};
//060
//061
//062
//063
//064
//080
//081
//082
//083
//084
		089C1669FE841209C02AAC07 = {
			buildSettings = {
			};
			buildStyles = (
				06F27B30FFEEEFEF11CA0E56,
				06F27B31FFEEEFEF11CA0E56,
			);
			hasScannedForEncodings = 1;
			isa = PBXProject;
			mainGroup = 089C166AFE841209C02AAC07;
			projectDirPath = "";
			targets = (
				089C1673FE841209C02AAC07,
			);
		};
		089C166AFE841209C02AAC07 = {
			children = (
				08FB77AFFE84173DC02AAC07,
				32DBCFA70370C4F300C91783,
				089C167CFE841241C02AAC07,
				089C1671FE841209C02AAC07,
				19C28FB8FE9D52D311CA2CBB,
			);
			isa = PBXGroup;
			name = VNTI;
			refType = 4;
			sourceTree = "<group>";
		};
		089C1671FE841209C02AAC07 = {
			children = (
				1058C7ACFEA557BF11CA2CBB,
				1058C7AEFEA557BF11CA2CBB,
			);
			isa = PBXGroup;
			name = "Frameworks and Libraries";
			refType = 4;
			sourceTree = "<group>";
		};
		089C1672FE841209C02AAC07 = {
			isa = PBXFileReference;
			lastKnownFileType = wrapper.framework;
			name = Foundation.framework;
			path = /System/Library/Frameworks/Foundation.framework;
			refType = 0;
			sourceTree = "<absolute>";
		};
		089C1673FE841209C02AAC07 = {
			buildPhases = (
				089C1674FE841209C02AAC07,
				089C1675FE841209C02AAC07,
				089C1676FE841209C02AAC07,
				089C1677FE841209C02AAC07,
				089C1679FE841209C02AAC07,
			);
			buildSettings = {
				FRAMEWORK_SEARCH_PATHS = "";
				HEADER_SEARCH_PATHS = "";
				INSTALL_PATH = "$(HOME)/Library/Screen Savers";
				LIBRARY_SEARCH_PATHS = "";
				OPTIMIZATION_CFLAGS = "-O3";
				OTHER_CFLAGS = "";
				OTHER_LDFLAGS = "";
				OTHER_REZFLAGS = "";
				PRECOMPILE_PREFIX_HEADER = YES;
				PREFIX_HEADER = VNTI_Prefix.h;
				PRODUCT_NAME = VNTI;
				SECTORDER_FLAGS = "";
				WARNING_CFLAGS = "-Wmost -Wno-four-char-constants -Wno-unknown-pragmas";
				WRAPPER_EXTENSION = saver;
			};
			dependencies = (
			);
			isa = PBXBundleTarget;
			name = VNTI;
			productInstallPath = "$(HOME)/Library/Screen Savers";
			productName = VNTI;
			productReference = 06F27B2EFFEEEFEF11CA0E56;
			productSettingsXML = "<?xml version=\"1.0\" encoding=\"UTF-8\"?>
<!DOCTYPE plist PUBLIC \"-//Apple Computer//DTD PLIST 1.0//EN\" \"http://www.apple.com/DTDs/PropertyList-1.0.dtd\">
<plist version=\"1.0\">
<dict>
	<key>CFBundleDevelopmentRegion</key>
	<string>English</string>
	<key>CFBundleExecutable</key>
	<string>VNTI</string>
	<key>CFBundleIconFile</key>
	<string></string>
	<key>CFBundleIdentifier</key>
	<string></string>
	<key>CFBundleInfoDictionaryVersion</key>
	<string>6.0</string>
	<key>CFBundlePackageType</key>
	<string>BNDL</string>
	<key>CFBundleSignature</key>
	<string>????</string>
	<key>CFBundleVersion</key>
	<string>0.0.1d1</string>
	<key>NSPrincipalClass</key>
	<string>VNTIView</string>
</dict>
</plist>
";
		};
		089C1674FE841209C02AAC07 = {
			buildActionMask = 2147483647;
			files = (
				32DBCFA90370C50100C91783,
				F500797B0118B23101CA0E54,
			);
			isa = PBXHeadersBuildPhase;
			runOnlyForDeploymentPostprocessing = 0;
		};
		089C1675FE841209C02AAC07 = {
			buildActionMask = 2147483647;
			files = (
				089C1680FE841241C02AAC07,
				192950D50503A3D900A80BBC,
				192950D60503A3D900A80BBC,
				192950D70503A3D900A80BBC,
				192950D80503A3D900A80BBC,
				192950D90503A3D900A80BBC,
				192950DA0503A3D900A80BBC,
				192950DB0503A3D900A80BBC,
				192950DC0503A3D900A80BBC,
				192950DD0503A3D900A80BBC,
				192950DE0503A3D900A80BBC,
				192950DF0503A3D900A80BBC,
				192950E00503A3D900A80BBC,
				192950E10503A3D900A80BBC,
				192950E20503A3D900A80BBC,
				192950E30503A3D900A80BBC,
				192950E40503A3D900A80BBC,
				192950E50503A3D900A80BBC,
				192950E60503A3D900A80BBC,
				192950E70503A3D900A80BBC,
				192950E80503A3D900A80BBC,
				192950E90503A3D900A80BBC,
				192950EA0503A3D900A80BBC,
				192950EB0503A3D900A80BBC,
				192950EC0503A3D900A80BBC,
				192950ED0503A3D900A80BBC,
				192950EE0503A3D900A80BBC,
				192950EF0503A3D900A80BBC,
				192950F00503A3D900A80BBC,
				192950F10503A3D900A80BBC,
				192950F20503A3D900A80BBC,
				192950F30503A3D900A80BBC,
				192950F40503A3D900A80BBC,
				192950F50503A3D900A80BBC,
				192950F60503A3D900A80BBC,
				192950F70503A3D900A80BBC,
				192950F80503A3D900A80BBC,
				192950F90503A3D900A80BBC,
				192950FA0503A3D900A80BBC,
				192950FB0503A3D900A80BBC,
				192950FC0503A3D900A80BBC,
				192950FD0503A3D900A80BBC,
				192950FE0503A3D900A80BBC,
				192950FF0503A3D900A80BBC,
				192951000503A3D900A80BBC,
				192951010503A3D900A80BBC,
				192951020503A3D900A80BBC,
				192951030503A3D900A80BBC,
				192951040503A3D900A80BBC,
				192951050503A3D900A80BBC,
				192951060503A3D900A80BBC,
				192951070503A3D900A80BBC,
				192951080503A3D900A80BBC,
				192951090503A3D900A80BBC,
				1929510A0503A3D900A80BBC,
				1929510B0503A3D900A80BBC,
				1929510C0503A3D900A80BBC,
				1929510D0503A3D900A80BBC,
				1929510E0503A3D900A80BBC,
				1929510F0503A3D900A80BBC,
				192951100503A3D900A80BBC,
				192951110503A3D900A80BBC,
				192951120503A3D900A80BBC,
				192951130503A3D900A80BBC,
				192951140503A3D900A80BBC,
				192951150503A3D900A80BBC,
				192951160503A3D900A80BBC,
				192951170503A3D900A80BBC,
				192951180503A3D900A80BBC,
				192951190503A3D900A80BBC,
				1929511A0503A3D900A80BBC,
				1929511B0503A3D900A80BBC,
				1929511C0503A3D900A80BBC,
				1929511D0503A3D900A80BBC,
				1929511E0503A3D900A80BBC,
				1929511F0503A3D900A80BBC,
				192951200503A3D900A80BBC,
				192951210503A3D900A80BBC,
				192951220503A3D900A80BBC,
				192951230503A3D900A80BBC,
				192951240503A3D900A80BBC,
				192951250503A3D900A80BBC,
				192951260503A3D900A80BBC,
				192951270503A3D900A80BBC,
				192951280503A3D900A80BBC,
				192951290503A3D900A80BBC,
				1929512A0503A3D900A80BBC,
				1929512B0503A3D900A80BBC,
				1929512C0503A3D900A80BBC,
				1929512D0503A3D900A80BBC,
				1929512E0503A3D900A80BBC,
				1929512F0503A3D900A80BBC,
				192951300503A3D900A80BBC,
				192951310503A3D900A80BBC,
				192951320503A3D900A80BBC,
				192951330503A3D900A80BBC,
				192951340503A3D900A80BBC,
				192951350503A3D900A80BBC,
				192951360503A3D900A80BBC,
				192951370503A3D900A80BBC,
				192951380503A3D900A80BBC,
				19FCE3900503D9F600A80BBC,
			);
			isa = PBXResourcesBuildPhase;
			runOnlyForDeploymentPostprocessing = 0;
		};
		089C1676FE841209C02AAC07 = {
			buildActionMask = 2147483647;
			files = (
				F500797C0118B23101CA0E54,
			);
			isa = PBXSourcesBuildPhase;
			runOnlyForDeploymentPostprocessing = 0;
		};
		089C1677FE841209C02AAC07 = {
			buildActionMask = 2147483647;
			files = (
				1058C7AFFEA557BF11CA2CBB,
				06F27B2FFFEEEFEF11CA0E56,
			);
			isa = PBXFrameworksBuildPhase;
			runOnlyForDeploymentPostprocessing = 0;
		};
		089C1679FE841209C02AAC07 = {
			buildActionMask = 2147483647;
			files = (
			);
			isa = PBXRezBuildPhase;
			runOnlyForDeploymentPostprocessing = 0;
		};
		089C167CFE841241C02AAC07 = {
			children = (
				1929506F0503A3D500A80BBC,
				089C167DFE841241C02AAC07,
			);
			isa = PBXGroup;
			name = Resources;
			refType = 4;
			sourceTree = "<group>";
		};
		089C167DFE841241C02AAC07 = {
			children = (
				089C167EFE841241C02AAC07,
			);
			isa = PBXVariantGroup;
			name = InfoPlist.strings;
			refType = 4;
			sourceTree = "<group>";
		};
		089C167EFE841241C02AAC07 = {
			fileEncoding = 10;
			isa = PBXFileReference;
			lastKnownFileType = text.plist.strings;
			name = English;
			path = English.lproj/InfoPlist.strings;
			refType = 4;
			sourceTree = "<group>";
		};
		089C167FFE841241C02AAC07 = {
			isa = PBXFileReference;
			lastKnownFileType = wrapper.framework;
			name = AppKit.framework;
			path = /System/Library/Frameworks/AppKit.framework;
			refType = 0;
			sourceTree = "<absolute>";
		};
		089C1680FE841241C02AAC07 = {
			fileRef = 089C167DFE841241C02AAC07;
			isa = PBXBuildFile;
			settings = {
			};
		};
		08FB77AFFE84173DC02AAC07 = {
			children = (
				F50079790118B23001CA0E54,
				F500797A0118B23001CA0E54,
			);
			isa = PBXGroup;
			name = Classes;
			refType = 4;
			sourceTree = "<group>";
		};
//080
//081
//082
//083
//084
//100
//101
//102
//103
//104
		1058C7ACFEA557BF11CA2CBB = {
			children = (
				1058C7ADFEA557BF11CA2CBB,
				06F27B2DFFEEEFEF11CA0E56,
			);
			isa = PBXGroup;
			name = "Linked Frameworks";
			refType = 4;
			sourceTree = "<group>";
		};
		1058C7ADFEA557BF11CA2CBB = {
			isa = PBXFileReference;
			lastKnownFileType = wrapper.framework;
			name = Cocoa.framework;
			path = /System/Library/Frameworks/Cocoa.framework;
			refType = 0;
			sourceTree = "<absolute>";
		};
		1058C7AEFEA557BF11CA2CBB = {
			children = (
				089C1672FE841209C02AAC07,
				089C167FFE841241C02AAC07,
			);
			isa = PBXGroup;
			name = "Other Frameworks";
			refType = 4;
			sourceTree = "<group>";
		};
		1058C7AFFEA557BF11CA2CBB = {
			fileRef = 1058C7ADFEA557BF11CA2CBB;
			isa = PBXBuildFile;
			settings = {
			};
		};
//100
//101
//102
//103
//104
//190
//191
//192
//193
//194
		1929506F0503A3D500A80BBC = {
			children = (
				192950700503A3D500A80BBC,
				192950710503A3D500A80BBC,
				192950720503A3D500A80BBC,
				192950730503A3D500A80BBC,
				192950740503A3D500A80BBC,
				192950750503A3D500A80BBC,
				192950760503A3D500A80BBC,
				192950770503A3D500A80BBC,
				192950780503A3D500A80BBC,
				192950790503A3D500A80BBC,
				1929507A0503A3D500A80BBC,
				1929507B0503A3D500A80BBC,
				1929507C0503A3D500A80BBC,
				1929507D0503A3D500A80BBC,
				1929507E0503A3D500A80BBC,
				1929507F0503A3D500A80BBC,
				192950800503A3D500A80BBC,
				192950810503A3D500A80BBC,
				192950820503A3D500A80BBC,
				192950830503A3D500A80BBC,
				192950840503A3D500A80BBC,
				192950850503A3D600A80BBC,
				192950860503A3D600A80BBC,
				192950870503A3D600A80BBC,
				192950880503A3D600A80BBC,
				192950890503A3D600A80BBC,
				1929508A0503A3D600A80BBC,
				1929508B0503A3D600A80BBC,
				1929508C0503A3D600A80BBC,
				1929508D0503A3D600A80BBC,
				1929508E0503A3D600A80BBC,
				1929508F0503A3D600A80BBC,
				192950900503A3D600A80BBC,
				192950910503A3D600A80BBC,
				192950920503A3D600A80BBC,
				192950930503A3D600A80BBC,
				192950940503A3D600A80BBC,
				192950950503A3D600A80BBC,
				192950960503A3D600A80BBC,
				192950970503A3D600A80BBC,
				192950980503A3D600A80BBC,
				192950990503A3D600A80BBC,
				1929509A0503A3D700A80BBC,
				1929509B0503A3D700A80BBC,
				1929509C0503A3D700A80BBC,
				1929509D0503A3D700A80BBC,
				1929509E0503A3D700A80BBC,
				1929509F0503A3D700A80BBC,
				192950A00503A3D700A80BBC,
				192950A10503A3D700A80BBC,
				192950A20503A3D700A80BBC,
				192950A30503A3D700A80BBC,
				192950A40503A3D700A80BBC,
				192950A50503A3D700A80BBC,
				192950A60503A3D700A80BBC,
				192950A70503A3D700A80BBC,
				192950A80503A3D700A80BBC,
				192950A90503A3D700A80BBC,
				192950AA0503A3D700A80BBC,
				192950AB0503A3D700A80BBC,
				192950AC0503A3D700A80BBC,
				192950AD0503A3D700A80BBC,
				192950AE0503A3D700A80BBC,
				192950AF0503A3D700A80BBC,
				192950B00503A3D800A80BBC,
				192950B10503A3D800A80BBC,
				192950B20503A3D800A80BBC,
				192950B30503A3D800A80BBC,
				192950B40503A3D800A80BBC,
				192950B50503A3D800A80BBC,
				192950B60503A3D800A80BBC,
				192950B70503A3D800A80BBC,
				192950B80503A3D800A80BBC,
				192950B90503A3D800A80BBC,
				192950BA0503A3D800A80BBC,
				192950BB0503A3D800A80BBC,
				192950BC0503A3D800A80BBC,
				192950BD0503A3D800A80BBC,
				192950BE0503A3D800A80BBC,
				192950BF0503A3D800A80BBC,
				192950C00503A3D800A80BBC,
				192950C10503A3D800A80BBC,
				192950C20503A3D800A80BBC,
				192950C30503A3D800A80BBC,
				192950C40503A3D800A80BBC,
				192950C50503A3D800A80BBC,
				192950C60503A3D800A80BBC,
				192950C70503A3D800A80BBC,
				192950C80503A3D800A80BBC,
				192950C90503A3D800A80BBC,
				192950CA0503A3D900A80BBC,
				192950CB0503A3D900A80BBC,
				192950CC0503A3D900A80BBC,
				192950CD0503A3D900A80BBC,
				192950CE0503A3D900A80BBC,
				192950CF0503A3D900A80BBC,
				192950D00503A3D900A80BBC,
				192950D10503A3D900A80BBC,
				192950D20503A3D900A80BBC,
				192950D30503A3D900A80BBC,
				19FCE38F0503D9F600A80BBC,
			);
			isa = PBXGroup;
			path = jpg;
			refType = 4;
			sourceTree = "<group>";
		};
		192950700503A3D500A80BBC = {
			isa = PBXFileReference;
			lastKnownFileType = image.jpeg;
			path = DNK0000.jpg;
			refType = 4;
			sourceTree = "<group>";
		};
		192950710503A3D500A80BBC = {
			isa = PBXFileReference;
			lastKnownFileType = image.jpeg;
			path = DNK0001.jpg;
			refType = 4;
			sourceTree = "<group>";
		};
		192950720503A3D500A80BBC = {
			isa = PBXFileReference;
			lastKnownFileType = image.jpeg;
			path = DNK0002.jpg;
			refType = 4;
			sourceTree = "<group>";
		};
		192950730503A3D500A80BBC = {
			isa = PBXFileReference;
			lastKnownFileType = image.jpeg;
			path = DNK0003.jpg;
			refType = 4;
			sourceTree = "<group>";
		};
		192950740503A3D500A80BBC = {
			isa = PBXFileReference;
			lastKnownFileType = image.jpeg;
			path = DNK0004.jpg;
			refType = 4;
			sourceTree = "<group>";
		};
		192950750503A3D500A80BBC = {
			isa = PBXFileReference;
			lastKnownFileType = image.jpeg;
			path = DNK0005.jpg;
			refType = 4;
			sourceTree = "<group>";
		};
		192950760503A3D500A80BBC = {
			isa = PBXFileReference;
			lastKnownFileType = image.jpeg;
			path = DNK0006.jpg;
			refType = 4;
			sourceTree = "<group>";
		};
		192950770503A3D500A80BBC = {
			isa = PBXFileReference;
			lastKnownFileType = image.jpeg;
			path = DNK0007.jpg;
			refType = 4;
			sourceTree = "<group>";
		};
		192950780503A3D500A80BBC = {
			isa = PBXFileReference;
			lastKnownFileType = image.jpeg;
			path = DNK0008.jpg;
			refType = 4;
			sourceTree = "<group>";
		};
		192950790503A3D500A80BBC = {
			isa = PBXFileReference;
			lastKnownFileType = image.jpeg;
			path = DNK0009.jpg;
			refType = 4;
			sourceTree = "<group>";
		};
		1929507A0503A3D500A80BBC = {
			isa = PBXFileReference;
			lastKnownFileType = image.jpeg;
			path = DNK0010.jpg;
			refType = 4;
			sourceTree = "<group>";
		};
		1929507B0503A3D500A80BBC = {
			isa = PBXFileReference;
			lastKnownFileType = image.jpeg;
			path = DNK0011.jpg;
			refType = 4;
			sourceTree = "<group>";
		};
		1929507C0503A3D500A80BBC = {
			isa = PBXFileReference;
			lastKnownFileType = image.jpeg;
			path = DNK0012.jpg;
			refType = 4;
			sourceTree = "<group>";
		};
		1929507D0503A3D500A80BBC = {
			isa = PBXFileReference;
			lastKnownFileType = image.jpeg;
			path = DNK0013.jpg;
			refType = 4;
			sourceTree = "<group>";
		};
		1929507E0503A3D500A80BBC = {
			isa = PBXFileReference;
			lastKnownFileType = image.jpeg;
			path = DNK0014.jpg;
			refType = 4;
			sourceTree = "<group>";
		};
		1929507F0503A3D500A80BBC = {
			isa = PBXFileReference;
			lastKnownFileType = image.jpeg;
			path = DNK0015.jpg;
			refType = 4;
			sourceTree = "<group>";
		};
		192950800503A3D500A80BBC = {
			isa = PBXFileReference;
			lastKnownFileType = image.jpeg;
			path = DNK0016.jpg;
			refType = 4;
			sourceTree = "<group>";
		};
		192950810503A3D500A80BBC = {
			isa = PBXFileReference;
			lastKnownFileType = image.jpeg;
			path = DNK0017.jpg;
			refType = 4;
			sourceTree = "<group>";
		};
		192950820503A3D500A80BBC = {
			isa = PBXFileReference;
			lastKnownFileType = image.jpeg;
			path = DNK0018.jpg;
			refType = 4;
			sourceTree = "<group>";
		};
		192950830503A3D500A80BBC = {
			isa = PBXFileReference;
			lastKnownFileType = image.jpeg;
			path = DNK0019.jpg;
			refType = 4;
			sourceTree = "<group>";
		};
		192950840503A3D500A80BBC = {
			isa = PBXFileReference;
			lastKnownFileType = image.jpeg;
			path = DNK0020.jpg;
			refType = 4;
			sourceTree = "<group>";
		};
		192950850503A3D600A80BBC = {
			isa = PBXFileReference;
			lastKnownFileType = image.jpeg;
			path = DNK0021.jpg;
			refType = 4;
			sourceTree = "<group>";
		};
		192950860503A3D600A80BBC = {
			isa = PBXFileReference;
			lastKnownFileType = image.jpeg;
			path = DNK0022.jpg;
			refType = 4;
			sourceTree = "<group>";
		};
		192950870503A3D600A80BBC = {
			isa = PBXFileReference;
			lastKnownFileType = image.jpeg;
			path = DNK0023.jpg;
			refType = 4;
			sourceTree = "<group>";
		};
		192950880503A3D600A80BBC = {
			isa = PBXFileReference;
			lastKnownFileType = image.jpeg;
			path = DNK0024.jpg;
			refType = 4;
			sourceTree = "<group>";
		};
		192950890503A3D600A80BBC = {
			isa = PBXFileReference;
			lastKnownFileType = image.jpeg;
			path = DNK0025.jpg;
			refType = 4;
			sourceTree = "<group>";
		};
		1929508A0503A3D600A80BBC = {
			isa = PBXFileReference;
			lastKnownFileType = image.jpeg;
			path = DNK0026.jpg;
			refType = 4;
			sourceTree = "<group>";
		};
		1929508B0503A3D600A80BBC = {
			isa = PBXFileReference;
			lastKnownFileType = image.jpeg;
			path = DNK0027.jpg;
			refType = 4;
			sourceTree = "<group>";
		};
		1929508C0503A3D600A80BBC = {
			isa = PBXFileReference;
			lastKnownFileType = image.jpeg;
			path = DNK0028.jpg;
			refType = 4;
			sourceTree = "<group>";
		};
		1929508D0503A3D600A80BBC = {
			isa = PBXFileReference;
			lastKnownFileType = image.jpeg;
			path = DNK0029.jpg;
			refType = 4;
			sourceTree = "<group>";
		};
		1929508E0503A3D600A80BBC = {
			isa = PBXFileReference;
			lastKnownFileType = image.jpeg;
			path = DNK0030.jpg;
			refType = 4;
			sourceTree = "<group>";
		};
		1929508F0503A3D600A80BBC = {
			isa = PBXFileReference;
			lastKnownFileType = image.jpeg;
			path = DNK0031.jpg;
			refType = 4;
			sourceTree = "<group>";
		};
		192950900503A3D600A80BBC = {
			isa = PBXFileReference;
			lastKnownFileType = image.jpeg;
			path = DNK0032.jpg;
			refType = 4;
			sourceTree = "<group>";
		};
		192950910503A3D600A80BBC = {
			isa = PBXFileReference;
			lastKnownFileType = image.jpeg;
			path = DNK0033.jpg;
			refType = 4;
			sourceTree = "<group>";
		};
		192950920503A3D600A80BBC = {
			isa = PBXFileReference;
			lastKnownFileType = image.jpeg;
			path = DNK0034.jpg;
			refType = 4;
			sourceTree = "<group>";
		};
		192950930503A3D600A80BBC = {
			isa = PBXFileReference;
			lastKnownFileType = image.jpeg;
			path = DNK0035.jpg;
			refType = 4;
			sourceTree = "<group>";
		};
		192950940503A3D600A80BBC = {
			isa = PBXFileReference;
			lastKnownFileType = image.jpeg;
			path = DNK0036.jpg;
			refType = 4;
			sourceTree = "<group>";
		};
		192950950503A3D600A80BBC = {
			isa = PBXFileReference;
			lastKnownFileType = image.jpeg;
			path = DNK0037.jpg;
			refType = 4;
			sourceTree = "<group>";
		};
		192950960503A3D600A80BBC = {
			isa = PBXFileReference;
			lastKnownFileType = image.jpeg;
			path = DNK0038.jpg;
			refType = 4;
			sourceTree = "<group>";
		};
		192950970503A3D600A80BBC = {
			isa = PBXFileReference;
			lastKnownFileType = image.jpeg;
			path = DNK0039.jpg;
			refType = 4;
			sourceTree = "<group>";
		};
		192950980503A3D600A80BBC = {
			isa = PBXFileReference;
			lastKnownFileType = image.jpeg;
			path = DNK0040.jpg;
			refType = 4;
			sourceTree = "<group>";
		};
		192950990503A3D600A80BBC = {
			isa = PBXFileReference;
			lastKnownFileType = image.jpeg;
			path = DNK0041.jpg;
			refType = 4;
			sourceTree = "<group>";
		};
		1929509A0503A3D700A80BBC = {
			isa = PBXFileReference;
			lastKnownFileType = image.jpeg;
			path = DNK0042.jpg;
			refType = 4;
			sourceTree = "<group>";
		};
		1929509B0503A3D700A80BBC = {
			isa = PBXFileReference;
			lastKnownFileType = image.jpeg;
			path = DNK0043.jpg;
			refType = 4;
			sourceTree = "<group>";
		};
		1929509C0503A3D700A80BBC = {
			isa = PBXFileReference;
			lastKnownFileType = image.jpeg;
			path = DNK0044.jpg;
			refType = 4;
			sourceTree = "<group>";
		};
		1929509D0503A3D700A80BBC = {
			isa = PBXFileReference;
			lastKnownFileType = image.jpeg;
			path = DNK0045.jpg;
			refType = 4;
			sourceTree = "<group>";
		};
		1929509E0503A3D700A80BBC = {
			isa = PBXFileReference;
			lastKnownFileType = image.jpeg;
			path = DNK0046.jpg;
			refType = 4;
			sourceTree = "<group>";
		};
		1929509F0503A3D700A80BBC = {
			isa = PBXFileReference;
			lastKnownFileType = image.jpeg;
			path = DNK0047.jpg;
			refType = 4;
			sourceTree = "<group>";
		};
		192950A00503A3D700A80BBC = {
			isa = PBXFileReference;
			lastKnownFileType = image.jpeg;
			path = DNK0048.jpg;
			refType = 4;
			sourceTree = "<group>";
		};
		192950A10503A3D700A80BBC = {
			isa = PBXFileReference;
			lastKnownFileType = image.jpeg;
			path = DNK0049.jpg;
			refType = 4;
			sourceTree = "<group>";
		};
		192950A20503A3D700A80BBC = {
			isa = PBXFileReference;
			lastKnownFileType = image.jpeg;
			path = DNK0050.jpg;
			refType = 4;
			sourceTree = "<group>";
		};
		192950A30503A3D700A80BBC = {
			isa = PBXFileReference;
			lastKnownFileType = image.jpeg;
			path = DNK0051.jpg;
			refType = 4;
			sourceTree = "<group>";
		};
		192950A40503A3D700A80BBC = {
			isa = PBXFileReference;
			lastKnownFileType = image.jpeg;
			path = DNK0052.jpg;
			refType = 4;
			sourceTree = "<group>";
		};
		192950A50503A3D700A80BBC = {
			isa = PBXFileReference;
			lastKnownFileType = image.jpeg;
			path = DNK0053.jpg;
			refType = 4;
			sourceTree = "<group>";
		};
		192950A60503A3D700A80BBC = {
			isa = PBXFileReference;
			lastKnownFileType = image.jpeg;
			path = DNK0054.jpg;
			refType = 4;
			sourceTree = "<group>";
		};
		192950A70503A3D700A80BBC = {
			isa = PBXFileReference;
			lastKnownFileType = image.jpeg;
			path = DNK0055.jpg;
			refType = 4;
			sourceTree = "<group>";
		};
		192950A80503A3D700A80BBC = {
			isa = PBXFileReference;
			lastKnownFileType = image.jpeg;
			path = DNK0056.jpg;
			refType = 4;
			sourceTree = "<group>";
		};
		192950A90503A3D700A80BBC = {
			isa = PBXFileReference;
			lastKnownFileType = image.jpeg;
			path = DNK0057.jpg;
			refType = 4;
			sourceTree = "<group>";
		};
		192950AA0503A3D700A80BBC = {
			isa = PBXFileReference;
			lastKnownFileType = image.jpeg;
			path = DNK0058.jpg;
			refType = 4;
			sourceTree = "<group>";
		};
		192950AB0503A3D700A80BBC = {
			isa = PBXFileReference;
			lastKnownFileType = image.jpeg;
			path = DNK0059.jpg;
			refType = 4;
			sourceTree = "<group>";
		};
		192950AC0503A3D700A80BBC = {
			isa = PBXFileReference;
			lastKnownFileType = image.jpeg;
			path = DNK0060.jpg;
			refType = 4;
			sourceTree = "<group>";
		};
		192950AD0503A3D700A80BBC = {
			isa = PBXFileReference;
			lastKnownFileType = image.jpeg;
			path = DNK0061.jpg;
			refType = 4;
			sourceTree = "<group>";
		};
		192950AE0503A3D700A80BBC = {
			isa = PBXFileReference;
			lastKnownFileType = image.jpeg;
			path = DNK0062.jpg;
			refType = 4;
			sourceTree = "<group>";
		};
		192950AF0503A3D700A80BBC = {
			isa = PBXFileReference;
			lastKnownFileType = image.jpeg;
			path = DNK0063.jpg;
			refType = 4;
			sourceTree = "<group>";
		};
		192950B00503A3D800A80BBC = {
			isa = PBXFileReference;
			lastKnownFileType = image.jpeg;
			path = DNK0064.jpg;
			refType = 4;
			sourceTree = "<group>";
		};
		192950B10503A3D800A80BBC = {
			isa = PBXFileReference;
			lastKnownFileType = image.jpeg;
			path = DNK0065.jpg;
			refType = 4;
			sourceTree = "<group>";
		};
		192950B20503A3D800A80BBC = {
			isa = PBXFileReference;
			lastKnownFileType = image.jpeg;
			path = DNK0066.jpg;
			refType = 4;
			sourceTree = "<group>";
		};
		192950B30503A3D800A80BBC = {
			isa = PBXFileReference;
			lastKnownFileType = image.jpeg;
			path = DNK0067.jpg;
			refType = 4;
			sourceTree = "<group>";
		};
		192950B40503A3D800A80BBC = {
			isa = PBXFileReference;
			lastKnownFileType = image.jpeg;
			path = DNK0068.jpg;
			refType = 4;
			sourceTree = "<group>";
		};
		192950B50503A3D800A80BBC = {
			isa = PBXFileReference;
			lastKnownFileType = image.jpeg;
			path = DNK0069.jpg;
			refType = 4;
			sourceTree = "<group>";
		};
		192950B60503A3D800A80BBC = {
			isa = PBXFileReference;
			lastKnownFileType = image.jpeg;
			path = DNK0070.jpg;
			refType = 4;
			sourceTree = "<group>";
		};
		192950B70503A3D800A80BBC = {
			isa = PBXFileReference;
			lastKnownFileType = image.jpeg;
			path = DNK0071.jpg;
			refType = 4;
			sourceTree = "<group>";
		};
		192950B80503A3D800A80BBC = {
			isa = PBXFileReference;
			lastKnownFileType = image.jpeg;
			path = DNK0072.jpg;
			refType = 4;
			sourceTree = "<group>";
		};
		192950B90503A3D800A80BBC = {
			isa = PBXFileReference;
			lastKnownFileType = image.jpeg;
			path = DNK0073.jpg;
			refType = 4;
			sourceTree = "<group>";
		};
		192950BA0503A3D800A80BBC = {
			isa = PBXFileReference;
			lastKnownFileType = image.jpeg;
			path = DNK0074.jpg;
			refType = 4;
			sourceTree = "<group>";
		};
		192950BB0503A3D800A80BBC = {
			isa = PBXFileReference;
			lastKnownFileType = image.jpeg;
			path = DNK0075.jpg;
			refType = 4;
			sourceTree = "<group>";
		};
		192950BC0503A3D800A80BBC = {
			isa = PBXFileReference;
			lastKnownFileType = image.jpeg;
			path = DNK0076.jpg;
			refType = 4;
			sourceTree = "<group>";
		};
		192950BD0503A3D800A80BBC = {
			isa = PBXFileReference;
			lastKnownFileType = image.jpeg;
			path = DNK0077.jpg;
			refType = 4;
			sourceTree = "<group>";
		};
		192950BE0503A3D800A80BBC = {
			isa = PBXFileReference;
			lastKnownFileType = image.jpeg;
			path = DNK0078.jpg;
			refType = 4;
			sourceTree = "<group>";
		};
		192950BF0503A3D800A80BBC = {
			isa = PBXFileReference;
			lastKnownFileType = image.jpeg;
			path = DNK0079.jpg;
			refType = 4;
			sourceTree = "<group>";
		};
		192950C00503A3D800A80BBC = {
			isa = PBXFileReference;
			lastKnownFileType = image.jpeg;
			path = DNK0080.jpg;
			refType = 4;
			sourceTree = "<group>";
		};
		192950C10503A3D800A80BBC = {
			isa = PBXFileReference;
			lastKnownFileType = image.jpeg;
			path = DNK0081.jpg;
			refType = 4;
			sourceTree = "<group>";
		};
		192950C20503A3D800A80BBC = {
			isa = PBXFileReference;
			lastKnownFileType = image.jpeg;
			path = DNK0082.jpg;
			refType = 4;
			sourceTree = "<group>";
		};
		192950C30503A3D800A80BBC = {
			isa = PBXFileReference;
			lastKnownFileType = image.jpeg;
			path = DNK0083.jpg;
			refType = 4;
			sourceTree = "<group>";
		};
		192950C40503A3D800A80BBC = {
			isa = PBXFileReference;
			lastKnownFileType = image.jpeg;
			path = DNK0084.jpg;
			refType = 4;
			sourceTree = "<group>";
		};
		192950C50503A3D800A80BBC = {
			isa = PBXFileReference;
			lastKnownFileType = image.jpeg;
			path = DNK0085.jpg;
			refType = 4;
			sourceTree = "<group>";
		};
		192950C60503A3D800A80BBC = {
			isa = PBXFileReference;
			lastKnownFileType = image.jpeg;
			path = DNK0086.jpg;
			refType = 4;
			sourceTree = "<group>";
		};
		192950C70503A3D800A80BBC = {
			isa = PBXFileReference;
			lastKnownFileType = image.jpeg;
			path = DNK0087.jpg;
			refType = 4;
			sourceTree = "<group>";
		};
		192950C80503A3D800A80BBC = {
			isa = PBXFileReference;
			lastKnownFileType = image.jpeg;
			path = DNK0088.jpg;
			refType = 4;
			sourceTree = "<group>";
		};
		192950C90503A3D800A80BBC = {
			isa = PBXFileReference;
			lastKnownFileType = image.jpeg;
			path = DNK0089.jpg;
			refType = 4;
			sourceTree = "<group>";
		};
		192950CA0503A3D900A80BBC = {
			isa = PBXFileReference;
			lastKnownFileType = image.jpeg;
			path = DNK0090.jpg;
			refType = 4;
			sourceTree = "<group>";
		};
		192950CB0503A3D900A80BBC = {
			isa = PBXFileReference;
			lastKnownFileType = image.jpeg;
			path = DNK0091.jpg;
			refType = 4;
			sourceTree = "<group>";
		};
		192950CC0503A3D900A80BBC = {
			isa = PBXFileReference;
			lastKnownFileType = image.jpeg;
			path = DNK0092.jpg;
			refType = 4;
			sourceTree = "<group>";
		};
		192950CD0503A3D900A80BBC = {
			isa = PBXFileReference;
			lastKnownFileType = image.jpeg;
			path = DNK0093.jpg;
			refType = 4;
			sourceTree = "<group>";
		};
		192950CE0503A3D900A80BBC = {
			isa = PBXFileReference;
			lastKnownFileType = image.jpeg;
			path = DNK0094.jpg;
			refType = 4;
			sourceTree = "<group>";
		};
		192950CF0503A3D900A80BBC = {
			isa = PBXFileReference;
			lastKnownFileType = image.jpeg;
			path = DNK0095.jpg;
			refType = 4;
			sourceTree = "<group>";
		};
		192950D00503A3D900A80BBC = {
			isa = PBXFileReference;
			lastKnownFileType = image.jpeg;
			path = DNK0096.jpg;
			refType = 4;
			sourceTree = "<group>";
		};
		192950D10503A3D900A80BBC = {
			isa = PBXFileReference;
			lastKnownFileType = image.jpeg;
			path = DNK0097.jpg;
			refType = 4;
			sourceTree = "<group>";
		};
		192950D20503A3D900A80BBC = {
			isa = PBXFileReference;
			lastKnownFileType = image.jpeg;
			path = DNK0098.jpg;
			refType = 4;
			sourceTree = "<group>";
		};
		192950D30503A3D900A80BBC = {
			isa = PBXFileReference;
			lastKnownFileType = image.jpeg;
			path = DNK0099.jpg;
			refType = 4;
			sourceTree = "<group>";
		};
		192950D50503A3D900A80BBC = {
			fileRef = 192950700503A3D500A80BBC;
			isa = PBXBuildFile;
			settings = {
			};
		};
		192950D60503A3D900A80BBC = {
			fileRef = 192950710503A3D500A80BBC;
			isa = PBXBuildFile;
			settings = {
			};
		};
		192950D70503A3D900A80BBC = {
			fileRef = 192950720503A3D500A80BBC;
			isa = PBXBuildFile;
			settings = {
			};
		};
		192950D80503A3D900A80BBC = {
			fileRef = 192950730503A3D500A80BBC;
			isa = PBXBuildFile;
			settings = {
			};
		};
		192950D90503A3D900A80BBC = {
			fileRef = 192950740503A3D500A80BBC;
			isa = PBXBuildFile;
			settings = {
			};
		};
		192950DA0503A3D900A80BBC = {
			fileRef = 192950750503A3D500A80BBC;
			isa = PBXBuildFile;
			settings = {
			};
		};
		192950DB0503A3D900A80BBC = {
			fileRef = 192950760503A3D500A80BBC;
			isa = PBXBuildFile;
			settings = {
			};
		};
		192950DC0503A3D900A80BBC = {
			fileRef = 192950770503A3D500A80BBC;
			isa = PBXBuildFile;
			settings = {
			};
		};
		192950DD0503A3D900A80BBC = {
			fileRef = 192950780503A3D500A80BBC;
			isa = PBXBuildFile;
			settings = {
			};
		};
		192950DE0503A3D900A80BBC = {
			fileRef = 192950790503A3D500A80BBC;
			isa = PBXBuildFile;
			settings = {
			};
		};
		192950DF0503A3D900A80BBC = {
			fileRef = 1929507A0503A3D500A80BBC;
			isa = PBXBuildFile;
			settings = {
			};
		};
		192950E00503A3D900A80BBC = {
			fileRef = 1929507B0503A3D500A80BBC;
			isa = PBXBuildFile;
			settings = {
			};
		};
		192950E10503A3D900A80BBC = {
			fileRef = 1929507C0503A3D500A80BBC;
			isa = PBXBuildFile;
			settings = {
			};
		};
		192950E20503A3D900A80BBC = {
			fileRef = 1929507D0503A3D500A80BBC;
			isa = PBXBuildFile;
			settings = {
			};
		};
		192950E30503A3D900A80BBC = {
			fileRef = 1929507E0503A3D500A80BBC;
			isa = PBXBuildFile;
			settings = {
			};
		};
		192950E40503A3D900A80BBC = {
			fileRef = 1929507F0503A3D500A80BBC;
			isa = PBXBuildFile;
			settings = {
			};
		};
		192950E50503A3D900A80BBC = {
			fileRef = 192950800503A3D500A80BBC;
			isa = PBXBuildFile;
			settings = {
			};
		};
		192950E60503A3D900A80BBC = {
			fileRef = 192950810503A3D500A80BBC;
			isa = PBXBuildFile;
			settings = {
			};
		};
		192950E70503A3D900A80BBC = {
			fileRef = 192950820503A3D500A80BBC;
			isa = PBXBuildFile;
			settings = {
			};
		};
		192950E80503A3D900A80BBC = {
			fileRef = 192950830503A3D500A80BBC;
			isa = PBXBuildFile;
			settings = {
			};
		};
		192950E90503A3D900A80BBC = {
			fileRef = 192950840503A3D500A80BBC;
			isa = PBXBuildFile;
			settings = {
			};
		};
		192950EA0503A3D900A80BBC = {
			fileRef = 192950850503A3D600A80BBC;
			isa = PBXBuildFile;
			settings = {
			};
		};
		192950EB0503A3D900A80BBC = {
			fileRef = 192950860503A3D600A80BBC;
			isa = PBXBuildFile;
			settings = {
			};
		};
		192950EC0503A3D900A80BBC = {
			fileRef = 192950870503A3D600A80BBC;
			isa = PBXBuildFile;
			settings = {
			};
		};
		192950ED0503A3D900A80BBC = {
			fileRef = 192950880503A3D600A80BBC;
			isa = PBXBuildFile;
			settings = {
			};
		};
		192950EE0503A3D900A80BBC = {
			fileRef = 192950890503A3D600A80BBC;
			isa = PBXBuildFile;
			settings = {
			};
		};
		192950EF0503A3D900A80BBC = {
			fileRef = 1929508A0503A3D600A80BBC;
			isa = PBXBuildFile;
			settings = {
			};
		};
		192950F00503A3D900A80BBC = {
			fileRef = 1929508B0503A3D600A80BBC;
			isa = PBXBuildFile;
			settings = {
			};
		};
		192950F10503A3D900A80BBC = {
			fileRef = 1929508C0503A3D600A80BBC;
			isa = PBXBuildFile;
			settings = {
			};
		};
		192950F20503A3D900A80BBC = {
			fileRef = 1929508D0503A3D600A80BBC;
			isa = PBXBuildFile;
			settings = {
			};
		};
		192950F30503A3D900A80BBC = {
			fileRef = 1929508E0503A3D600A80BBC;
			isa = PBXBuildFile;
			settings = {
			};
		};
		192950F40503A3D900A80BBC = {
			fileRef = 1929508F0503A3D600A80BBC;
			isa = PBXBuildFile;
			settings = {
			};
		};
		192950F50503A3D900A80BBC = {
			fileRef = 192950900503A3D600A80BBC;
			isa = PBXBuildFile;
			settings = {
			};
		};
		192950F60503A3D900A80BBC = {
			fileRef = 192950910503A3D600A80BBC;
			isa = PBXBuildFile;
			settings = {
			};
		};
		192950F70503A3D900A80BBC = {
			fileRef = 192950920503A3D600A80BBC;
			isa = PBXBuildFile;
			settings = {
			};
		};
		192950F80503A3D900A80BBC = {
			fileRef = 192950930503A3D600A80BBC;
			isa = PBXBuildFile;
			settings = {
			};
		};
		192950F90503A3D900A80BBC = {
			fileRef = 192950940503A3D600A80BBC;
			isa = PBXBuildFile;
			settings = {
			};
		};
		192950FA0503A3D900A80BBC = {
			fileRef = 192950950503A3D600A80BBC;
			isa = PBXBuildFile;
			settings = {
			};
		};
		192950FB0503A3D900A80BBC = {
			fileRef = 192950960503A3D600A80BBC;
			isa = PBXBuildFile;
			settings = {
			};
		};
		192950FC0503A3D900A80BBC = {
			fileRef = 192950970503A3D600A80BBC;
			isa = PBXBuildFile;
			settings = {
			};
		};
		192950FD0503A3D900A80BBC = {
			fileRef = 192950980503A3D600A80BBC;
			isa = PBXBuildFile;
			settings = {
			};
		};
		192950FE0503A3D900A80BBC = {
			fileRef = 192950990503A3D600A80BBC;
			isa = PBXBuildFile;
			settings = {
			};
		};
		192950FF0503A3D900A80BBC = {
			fileRef = 1929509A0503A3D700A80BBC;
			isa = PBXBuildFile;
			settings = {
			};
		};
		192951000503A3D900A80BBC = {
			fileRef = 1929509B0503A3D700A80BBC;
			isa = PBXBuildFile;
			settings = {
			};
		};
		192951010503A3D900A80BBC = {
			fileRef = 1929509C0503A3D700A80BBC;
			isa = PBXBuildFile;
			settings = {
			};
		};
		192951020503A3D900A80BBC = {
			fileRef = 1929509D0503A3D700A80BBC;
			isa = PBXBuildFile;
			settings = {
			};
		};
		192951030503A3D900A80BBC = {
			fileRef = 1929509E0503A3D700A80BBC;
			isa = PBXBuildFile;
			settings = {
			};
		};
		192951040503A3D900A80BBC = {
			fileRef = 1929509F0503A3D700A80BBC;
			isa = PBXBuildFile;
			settings = {
			};
		};
		192951050503A3D900A80BBC = {
			fileRef = 192950A00503A3D700A80BBC;
			isa = PBXBuildFile;
			settings = {
			};
		};
		192951060503A3D900A80BBC = {
			fileRef = 192950A10503A3D700A80BBC;
			isa = PBXBuildFile;
			settings = {
			};
		};
		192951070503A3D900A80BBC = {
			fileRef = 192950A20503A3D700A80BBC;
			isa = PBXBuildFile;
			settings = {
			};
		};
		192951080503A3D900A80BBC = {
			fileRef = 192950A30503A3D700A80BBC;
			isa = PBXBuildFile;
			settings = {
			};
		};
		192951090503A3D900A80BBC = {
			fileRef = 192950A40503A3D700A80BBC;
			isa = PBXBuildFile;
			settings = {
			};
		};
		1929510A0503A3D900A80BBC = {
			fileRef = 192950A50503A3D700A80BBC;
			isa = PBXBuildFile;
			settings = {
			};
		};
		1929510B0503A3D900A80BBC = {
			fileRef = 192950A60503A3D700A80BBC;
			isa = PBXBuildFile;
			settings = {
			};
		};
		1929510C0503A3D900A80BBC = {
			fileRef = 192950A70503A3D700A80BBC;
			isa = PBXBuildFile;
			settings = {
			};
		};
		1929510D0503A3D900A80BBC = {
			fileRef = 192950A80503A3D700A80BBC;
			isa = PBXBuildFile;
			settings = {
			};
		};
		1929510E0503A3D900A80BBC = {
			fileRef = 192950A90503A3D700A80BBC;
			isa = PBXBuildFile;
			settings = {
			};
		};
		1929510F0503A3D900A80BBC = {
			fileRef = 192950AA0503A3D700A80BBC;
			isa = PBXBuildFile;
			settings = {
			};
		};
		192951100503A3D900A80BBC = {
			fileRef = 192950AB0503A3D700A80BBC;
			isa = PBXBuildFile;
			settings = {
			};
		};
		192951110503A3D900A80BBC = {
			fileRef = 192950AC0503A3D700A80BBC;
			isa = PBXBuildFile;
			settings = {
			};
		};
		192951120503A3D900A80BBC = {
			fileRef = 192950AD0503A3D700A80BBC;
			isa = PBXBuildFile;
			settings = {
			};
		};
		192951130503A3D900A80BBC = {
			fileRef = 192950AE0503A3D700A80BBC;
			isa = PBXBuildFile;
			settings = {
			};
		};
		192951140503A3D900A80BBC = {
			fileRef = 192950AF0503A3D700A80BBC;
			isa = PBXBuildFile;
			settings = {
			};
		};
		192951150503A3D900A80BBC = {
			fileRef = 192950B00503A3D800A80BBC;
			isa = PBXBuildFile;
			settings = {
			};
		};
		192951160503A3D900A80BBC = {
			fileRef = 192950B10503A3D800A80BBC;
			isa = PBXBuildFile;
			settings = {
			};
		};
		192951170503A3D900A80BBC = {
			fileRef = 192950B20503A3D800A80BBC;
			isa = PBXBuildFile;
			settings = {
			};
		};
		192951180503A3D900A80BBC = {
			fileRef = 192950B30503A3D800A80BBC;
			isa = PBXBuildFile;
			settings = {
			};
		};
		192951190503A3D900A80BBC = {
			fileRef = 192950B40503A3D800A80BBC;
			isa = PBXBuildFile;
			settings = {
			};
		};
		1929511A0503A3D900A80BBC = {
			fileRef = 192950B50503A3D800A80BBC;
			isa = PBXBuildFile;
			settings = {
			};
		};
		1929511B0503A3D900A80BBC = {
			fileRef = 192950B60503A3D800A80BBC;
			isa = PBXBuildFile;
			settings = {
			};
		};
		1929511C0503A3D900A80BBC = {
			fileRef = 192950B70503A3D800A80BBC;
			isa = PBXBuildFile;
			settings = {
			};
		};
		1929511D0503A3D900A80BBC = {
			fileRef = 192950B80503A3D800A80BBC;
			isa = PBXBuildFile;
			settings = {
			};
		};
		1929511E0503A3D900A80BBC = {
			fileRef = 192950B90503A3D800A80BBC;
			isa = PBXBuildFile;
			settings = {
			};
		};
		1929511F0503A3D900A80BBC = {
			fileRef = 192950BA0503A3D800A80BBC;
			isa = PBXBuildFile;
			settings = {
			};
		};
		192951200503A3D900A80BBC = {
			fileRef = 192950BB0503A3D800A80BBC;
			isa = PBXBuildFile;
			settings = {
			};
		};
		192951210503A3D900A80BBC = {
			fileRef = 192950BC0503A3D800A80BBC;
			isa = PBXBuildFile;
			settings = {
			};
		};
		192951220503A3D900A80BBC = {
			fileRef = 192950BD0503A3D800A80BBC;
			isa = PBXBuildFile;
			settings = {
			};
		};
		192951230503A3D900A80BBC = {
			fileRef = 192950BE0503A3D800A80BBC;
			isa = PBXBuildFile;
			settings = {
			};
		};
		192951240503A3D900A80BBC = {
			fileRef = 192950BF0503A3D800A80BBC;
			isa = PBXBuildFile;
			settings = {
			};
		};
		192951250503A3D900A80BBC = {
			fileRef = 192950C00503A3D800A80BBC;
			isa = PBXBuildFile;
			settings = {
			};
		};
		192951260503A3D900A80BBC = {
			fileRef = 192950C10503A3D800A80BBC;
			isa = PBXBuildFile;
			settings = {
			};
		};
		192951270503A3D900A80BBC = {
			fileRef = 192950C20503A3D800A80BBC;
			isa = PBXBuildFile;
			settings = {
			};
		};
		192951280503A3D900A80BBC = {
			fileRef = 192950C30503A3D800A80BBC;
			isa = PBXBuildFile;
			settings = {
			};
		};
		192951290503A3D900A80BBC = {
			fileRef = 192950C40503A3D800A80BBC;
			isa = PBXBuildFile;
			settings = {
			};
		};
		1929512A0503A3D900A80BBC = {
			fileRef = 192950C50503A3D800A80BBC;
			isa = PBXBuildFile;
			settings = {
			};
		};
		1929512B0503A3D900A80BBC = {
			fileRef = 192950C60503A3D800A80BBC;
			isa = PBXBuildFile;
			settings = {
			};
		};
		1929512C0503A3D900A80BBC = {
			fileRef = 192950C70503A3D800A80BBC;
			isa = PBXBuildFile;
			settings = {
			};
		};
		1929512D0503A3D900A80BBC = {
			fileRef = 192950C80503A3D800A80BBC;
			isa = PBXBuildFile;
			settings = {
			};
		};
		1929512E0503A3D900A80BBC = {
			fileRef = 192950C90503A3D800A80BBC;
			isa = PBXBuildFile;
			settings = {
			};
		};
		1929512F0503A3D900A80BBC = {
			fileRef = 192950CA0503A3D900A80BBC;
			isa = PBXBuildFile;
			settings = {
			};
		};
		192951300503A3D900A80BBC = {
			fileRef = 192950CB0503A3D900A80BBC;
			isa = PBXBuildFile;
			settings = {
			};
		};
		192951310503A3D900A80BBC = {
			fileRef = 192950CC0503A3D900A80BBC;
			isa = PBXBuildFile;
			settings = {
			};
		};
		192951320503A3D900A80BBC = {
			fileRef = 192950CD0503A3D900A80BBC;
			isa = PBXBuildFile;
			settings = {
			};
		};
		192951330503A3D900A80BBC = {
			fileRef = 192950CE0503A3D900A80BBC;
			isa = PBXBuildFile;
			settings = {
			};
		};
		192951340503A3D900A80BBC = {
			fileRef = 192950CF0503A3D900A80BBC;
			isa = PBXBuildFile;
			settings = {
			};
		};
		192951350503A3D900A80BBC = {
			fileRef = 192950D00503A3D900A80BBC;
			isa = PBXBuildFile;
			settings = {
			};
		};
		192951360503A3D900A80BBC = {
			fileRef = 192950D10503A3D900A80BBC;
			isa = PBXBuildFile;
			settings = {
			};
		};
		192951370503A3D900A80BBC = {
			fileRef = 192950D20503A3D900A80BBC;
			isa = PBXBuildFile;
			settings = {
			};
		};
		192951380503A3D900A80BBC = {
			fileRef = 192950D30503A3D900A80BBC;
			isa = PBXBuildFile;
			settings = {
			};
		};
		19C28FB8FE9D52D311CA2CBB = {
			children = (
				06F27B2EFFEEEFEF11CA0E56,
			);
			isa = PBXGroup;
			name = Products;
			refType = 4;
			sourceTree = "<group>";
		};
		19FCE38F0503D9F600A80BBC = {
			isa = PBXFileReference;
			lastKnownFileType = image.tiff;
			path = string.tiff;
			refType = 4;
			sourceTree = "<group>";
		};
		19FCE3900503D9F600A80BBC = {
			fileRef = 19FCE38F0503D9F600A80BBC;
			isa = PBXBuildFile;
			settings = {
			};
		};
//190
//191
//192
//193
//194
//320
//321
//322
//323
//324
		32DBCFA70370C4F300C91783 = {
			children = (
				32DBCFA80370C50100C91783,
			);
			isa = PBXGroup;
			name = "Other Sources";
			refType = 4;
			sourceTree = "<group>";
		};
		32DBCFA80370C50100C91783 = {
			fileEncoding = 4;
			isa = PBXFileReference;
			lastKnownFileType = sourcecode.c.h;
			path = VNTI_Prefix.h;
			refType = 4;
			sourceTree = "<group>";
		};
		32DBCFA90370C50100C91783 = {
			fileRef = 32DBCFA80370C50100C91783;
			isa = PBXBuildFile;
			settings = {
			};
		};
//320
//321
//322
//323
//324
//F50
//F51
//F52
//F53
//F54
		F50079790118B23001CA0E54 = {
			fileEncoding = 4;
			isa = PBXFileReference;
			lastKnownFileType = sourcecode.c.h;
			path = VNTIView.h;
			refType = 4;
			sourceTree = "<group>";
		};
		F500797A0118B23001CA0E54 = {
			fileEncoding = 4;
			isa = PBXFileReference;
			lastKnownFileType = sourcecode.c.objc;
			path = VNTIView.m;
			refType = 4;
			sourceTree = "<group>";
		};
		F500797B0118B23101CA0E54 = {
			fileRef = F50079790118B23001CA0E54;
			isa = PBXBuildFile;
			settings = {
			};
		};
		F500797C0118B23101CA0E54 = {
			fileRef = F500797A0118B23001CA0E54;
			isa = PBXBuildFile;
			settings = {
			};
		};
	};
	rootObject = 089C1669FE841209C02AAC07;
}
